
Microsoft Visual Studio Solution File, Format Version 12.00
# Visual Studio Version 16
VisualStudioVersion = 16.0.33027.164
MinimumVisualStudioVersion = 10.0.40219.1
Project("{8BC9CEB8-8B4A-11D0-8D11-00A0C91BC942}") = "TestSdl2", "TestSdl2\TestSdl2.vcxproj", "{8FFD3A89-846D-4665-902D-9C9DE7022001}"
EndProject
Global
	GlobalSection(SolutionConfigurationPlatforms) = preSolution
		Debug|x64 = Debug|x64
		Debug|x86 = Debug|x86
		Release|x64 = Release|x64
		Release|x86 = Release|x86
	EndGlobalSection
	GlobalSection(ProjectConfigurationPlatforms) = postSolution
		{8FFD3A89-846D-4665-902D-9C9DE7022001}.Debug|x64.ActiveCfg = Debug|x64
		{8FFD3A89-846D-4665-902D-9C9DE7022001}.Debug|x64.Build.0 = Debug|x64
		{8FFD3A89-846D-4665-902D-9C9DE7022001}.Debug|x86.ActiveCfg = Debug|Win32
		{8FFD3A89-846D-4665-902D-9C9DE7022001}.Debug|x86.Build.0 = Debug|Win32
		{8FFD3A89-846D-4665-902D-9C9DE7022001}.Release|x64.ActiveCfg = Release|x64
		{8FFD3A89-846D-4665-902D-9C9DE7022001}.Release|x64.Build.0 = Release|x64
		{8FFD3A89-846D-4665-902D-9C9DE7022001}.Release|x86.ActiveCfg = Release|Win32
		{8FFD3A89-846D-4665-902D-9C9DE7022001}.Release|x86.Build.0 = Release|Win32
	EndGlobalSection
	GlobalSection(SolutionProperties) = preSolution
		HideSolutionNode = FALSE
	EndGlobalSection
	GlobalSection(ExtensibilityGlobals) = postSolution
		SolutionGuid = {BC8C6477-A168-4729-A2E4-FC2A496B6FC9}
	EndGlobalSection
EndGlobal
